
Microsoft Visual Studio Solution File, Format Version 12.00
# Visual Studio Version 17
VisualStudioVersion = 17.2.32526.322
MinimumVisualStudioVersion = 10.0.40219.1
Project("{FAE04EC0-301F-11D3-BF4B-00C04F79EFBC}") = "PersonApi", "PersonApi\PersonApi.csproj", "{60FCE54F-9775-4714-8D67-3815C40C0C84}"
EndProject
Global
	GlobalSection(SolutionConfigurationPlatforms) = preSolution
		Debug|Any CPU = Debug|Any CPU
		Release|Any CPU = Release|Any CPU
	EndGlobalSection
	GlobalSection(ProjectConfigurationPlatforms) = postSolution
		{60FCE54F-9775-4714-8D67-3815C40C0C84}.Debug|Any CPU.ActiveCfg = Debug|Any CPU
		{60FCE54F-9775-4714-8D67-3815C40C0C84}.Debug|Any CPU.Build.0 = Debug|Any CPU
		{60FCE54F-9775-4714-8D67-3815C40C0C84}.Release|Any CPU.ActiveCfg = Release|Any CPU
		{60FCE54F-9775-4714-8D67-3815C40C0C84}.Release|Any CPU.Build.0 = Release|Any CPU
	EndGlobalSection
	GlobalSection(SolutionProperties) = preSolution
		HideSolutionNode = FALSE
	EndGlobalSection
	GlobalSection(ExtensibilityGlobals) = postSolution
		SolutionGuid = {E236604F-2F12-4BFB-96C5-CA9C29F56416}
	EndGlobalSection
EndGlobal
